
Microsoft Visual Studio Solution File, Format Version 12.00
# Visual Studio Version 17
VisualStudioVersion = 17.12.35707.178
MinimumVisualStudioVersion = 10.0.40219.1
Project("{9A19103F-16F7-4668-BE54-9A1E7A4F7556}") = "ShopSystem.Api", "ShopSystem.Api\ShopSystem.Api.csproj", "{4E522189-3627-4EBC-8C76-18EB8EFA9D61}"
EndProject
Project("{9A19103F-16F7-4668-BE54-9A1E7A4F7556}") = "ShopSystem.Domain", "ShopSystem.Domain\ShopSystem.Domain.csproj", "{0C3BDCFA-2F35-4B7E-81E2-9BACD2019DEB}"
EndProject
Project("{9A19103F-16F7-4668-BE54-9A1E7A4F7556}") = "ShopSystem.infrastructure", "ShopSystem.infrastructure\ShopSystem.infrastructure.csproj", "{828CBFCD-7809-44B2-85C6-F7183ACEC006}"
EndProject
Project("{2150E333-8FDC-42A3-9474-1A3956D46DE8}") = "Solution Items", "Solution Items", "{0F3D0611-24D0-4BF8-A412-27176FCA7727}"
	ProjectSection(SolutionItems) = preProject
		Docker\docker-compose.yaml = Docker\docker-compose.yaml
	EndProjectSection
EndProject
Project("{FAE04EC0-301F-11D3-BF4B-00C04F79EFBC}") = "ShopSystem.Services", "ShopSystem.Services\ShopSystem.Services.csproj", "{C11AFE8A-BF4C-404A-B53C-89E8809FD77A}"
EndProject
Global
	GlobalSection(SolutionConfigurationPlatforms) = preSolution
		Debug|Any CPU = Debug|Any CPU
		Release|Any CPU = Release|Any CPU
	EndGlobalSection
	GlobalSection(ProjectConfigurationPlatforms) = postSolution
		{4E522189-3627-4EBC-8C76-18EB8EFA9D61}.Debug|Any CPU.ActiveCfg = Debug|Any CPU
		{4E522189-3627-4EBC-8C76-18EB8EFA9D61}.Debug|Any CPU.Build.0 = Debug|Any CPU
		{4E522189-3627-4EBC-8C76-18EB8EFA9D61}.Release|Any CPU.ActiveCfg = Release|Any CPU
		{4E522189-3627-4EBC-8C76-18EB8EFA9D61}.Release|Any CPU.Build.0 = Release|Any CPU
		{0C3BDCFA-2F35-4B7E-81E2-9BACD2019DEB}.Debug|Any CPU.ActiveCfg = Debug|Any CPU
		{0C3BDCFA-2F35-4B7E-81E2-9BACD2019DEB}.Debug|Any CPU.Build.0 = Debug|Any CPU
		{0C3BDCFA-2F35-4B7E-81E2-9BACD2019DEB}.Release|Any CPU.ActiveCfg = Release|Any CPU
		{0C3BDCFA-2F35-4B7E-81E2-9BACD2019DEB}.Release|Any CPU.Build.0 = Release|Any CPU
		{828CBFCD-7809-44B2-85C6-F7183ACEC006}.Debug|Any CPU.ActiveCfg = Debug|Any CPU
		{828CBFCD-7809-44B2-85C6-F7183ACEC006}.Debug|Any CPU.Build.0 = Debug|Any CPU
		{828CBFCD-7809-44B2-85C6-F7183ACEC006}.Release|Any CPU.ActiveCfg = Release|Any CPU
		{828CBFCD-7809-44B2-85C6-F7183ACEC006}.Release|Any CPU.Build.0 = Release|Any CPU
		{C11AFE8A-BF4C-404A-B53C-89E8809FD77A}.Debug|Any CPU.ActiveCfg = Debug|Any CPU
		{C11AFE8A-BF4C-404A-B53C-89E8809FD77A}.Debug|Any CPU.Build.0 = Debug|Any CPU
		{C11AFE8A-BF4C-404A-B53C-89E8809FD77A}.Release|Any CPU.ActiveCfg = Release|Any CPU
		{C11AFE8A-BF4C-404A-B53C-89E8809FD77A}.Release|Any CPU.Build.0 = Release|Any CPU
	EndGlobalSection
	GlobalSection(SolutionProperties) = preSolution
		HideSolutionNode = FALSE
	EndGlobalSection
	GlobalSection(ExtensibilityGlobals) = postSolution
		SolutionGuid = {4D8127D7-E888-4BAC-A842-3D7B17B973AC}
	EndGlobalSection
EndGlobal
